
Microsoft Visual Studio Solution File, Format Version 12.00
# Visual Studio 15
VisualStudioVersion = 15.0.28307.168
MinimumVisualStudioVersion = 10.0.40219.1
Project("{2150E333-8FDC-42A3-9474-1A3956D46DE8}") = "Parte1", "Parte1", "{AB56E7E7-B2A7-49D6-BC9A-C1C4B2A3BE4D}"
EndProject
Project("{9A19103F-16F7-4668-BE54-9A1E7A4F7556}") = "CleanCode.Mutant.AulaRabbitMQ.Client", "Parte1\CleanCode.Mutant.AulaRabbitMQ\CleanCode.Mutant.AulaRabbitMQ.Client.csproj", "{3DD14AA5-D7C4-4D34-8AF1-7209C5FD4A4E}"
EndProject
Project("{FAE04EC0-301F-11D3-BF4B-00C04F79EFBC}") = "CleanCode.Mutant.AulaRabbitMQ.Server", "Parte1\CleanCode.Mutant.AulaRabbitMQ.Server\CleanCode.Mutant.AulaRabbitMQ.Server.csproj", "{3585A4A4-62FB-4DB2-944D-C6F571D40CF9}"
EndProject
Global
	GlobalSection(SolutionConfigurationPlatforms) = preSolution
		Debug|Any CPU = Debug|Any CPU
		Release|Any CPU = Release|Any CPU
	EndGlobalSection
	GlobalSection(ProjectConfigurationPlatforms) = postSolution
		{3DD14AA5-D7C4-4D34-8AF1-7209C5FD4A4E}.Debug|Any CPU.ActiveCfg = Debug|Any CPU
		{3DD14AA5-D7C4-4D34-8AF1-7209C5FD4A4E}.Debug|Any CPU.Build.0 = Debug|Any CPU
		{3DD14AA5-D7C4-4D34-8AF1-7209C5FD4A4E}.Release|Any CPU.ActiveCfg = Release|Any CPU
		{3DD14AA5-D7C4-4D34-8AF1-7209C5FD4A4E}.Release|Any CPU.Build.0 = Release|Any CPU
		{3585A4A4-62FB-4DB2-944D-C6F571D40CF9}.Debug|Any CPU.ActiveCfg = Debug|Any CPU
		{3585A4A4-62FB-4DB2-944D-C6F571D40CF9}.Debug|Any CPU.Build.0 = Debug|Any CPU
		{3585A4A4-62FB-4DB2-944D-C6F571D40CF9}.Release|Any CPU.ActiveCfg = Release|Any CPU
		{3585A4A4-62FB-4DB2-944D-C6F571D40CF9}.Release|Any CPU.Build.0 = Release|Any CPU
	EndGlobalSection
	GlobalSection(SolutionProperties) = preSolution
		HideSolutionNode = FALSE
	EndGlobalSection
	GlobalSection(NestedProjects) = preSolution
		{3DD14AA5-D7C4-4D34-8AF1-7209C5FD4A4E} = {AB56E7E7-B2A7-49D6-BC9A-C1C4B2A3BE4D}
		{3585A4A4-62FB-4DB2-944D-C6F571D40CF9} = {AB56E7E7-B2A7-49D6-BC9A-C1C4B2A3BE4D}
	EndGlobalSection
	GlobalSection(ExtensibilityGlobals) = postSolution
		SolutionGuid = {77A93499-6308-477E-A907-88A77AE4217E}
	EndGlobalSection
EndGlobal
